
Microsoft Visual Studio Solution File, Format Version 12.00
# Visual Studio Version 16
VisualStudioVersion = 16.0.31410.357
MinimumVisualStudioVersion = 10.0.40219.1
Project("{D954291E-2A0B-460D-934E-DC6B0785DB48}") = "POSUNO.Shared", "POSUNO\POSUNO.Shared\POSUNO.Shared.shproj", "{6279C845-92F8-4333-AB99-3D213163593C}"
EndProject
Project("{2150E333-8FDC-42A3-9474-1A3956D46DE8}") = "Platforms", "Platforms", "{B0E39454-5F03-49BD-9615-8A3E8DA57DCA}"
EndProject
Project("{FAE04EC0-301F-11D3-BF4B-00C04F79EFBC}") = "POSUNO.Droid", "POSUNO\POSUNO.Droid\POSUNO.Droid.csproj", "{B60FE6DE-0A1A-4B2E-A8D7-29ABF022167D}"
EndProject
Project("{FAE04EC0-301F-11D3-BF4B-00C04F79EFBC}") = "POSUNO.iOS", "POSUNO\POSUNO.iOS\POSUNO.iOS.csproj", "{5CFCEBF8-AD68-4E14-A082-96FFF3EEF4BD}"
EndProject
Project("{FAE04EC0-301F-11D3-BF4B-00C04F79EFBC}") = "POSUNO.UWP", "POSUNO\POSUNO.UWP\POSUNO.UWP.csproj", "{C0A38985-2458-4925-95A5-30F2C63830F4}"
EndProject
Project("{9A19103F-16F7-4668-BE54-9A1E7A4F7556}") = "POSUNO.Wasm", "POSUNO\POSUNO.Wasm\POSUNO.Wasm.csproj", "{0B35F6E8-5EE3-4A5D-A56F-33B5E532360E}"
EndProject
Project("{FAE04EC0-301F-11D3-BF4B-00C04F79EFBC}") = "POSUNO.macOS", "POSUNO\POSUNO.macOS\POSUNO.macOS.csproj", "{A5993035-25BC-4020-9960-A7C40DF1E4BE}"
EndProject
Project("{9A19103F-16F7-4668-BE54-9A1E7A4F7556}") = "POSUNO.Skia.Wpf.Host", "POSUNO\POSUNO.Skia.Wpf.Host\POSUNO.Skia.Wpf.Host.csproj", "{7DD40131-00AE-4C1E-802B-7149F32EF965}"
EndProject
Project("{9A19103F-16F7-4668-BE54-9A1E7A4F7556}") = "POSUNO.Skia.Wpf", "POSUNO\POSUNO.Skia.Wpf\POSUNO.Skia.Wpf.csproj", "{3B456ED1-39DD-4D1F-9D5A-A3693108A80B}"
EndProject
Project("{9A19103F-16F7-4668-BE54-9A1E7A4F7556}") = "POSUNO.Skia.Gtk", "POSUNO\POSUNO.Skia.Gtk\POSUNO.Skia.Gtk.csproj", "{EFAE47A3-8E1A-4710-A566-0D3874E6DFC9}"
EndProject
Project("{9A19103F-16F7-4668-BE54-9A1E7A4F7556}") = "POSUNO.Skia.Tizen", "POSUNO\POSUNO.Skia.Tizen\POSUNO.Skia.Tizen.csproj", "{4B4B5CD3-D5DD-4656-A1DC-43312E014D8C}"
EndProject
Project("{FAE04EC0-301F-11D3-BF4B-00C04F79EFBC}") = "POSUNO.Api", "POSUNO.Api\POSUNO.Api.csproj", "{738B4E85-1B3B-47F7-9CDD-BB0984F6DA91}"
EndProject
Global
	GlobalSection(SharedMSBuildProjectFiles) = preSolution
		POSUNO\POSUNO.Shared\POSUNO.Shared.projitems*{0b35f6e8-5ee3-4a5d-a56f-33b5e532360e}*SharedItemsImports = 5
		POSUNO\POSUNO.Shared\POSUNO.Shared.projitems*{3b456ed1-39dd-4d1f-9d5a-a3693108a80b}*SharedItemsImports = 5
		POSUNO\POSUNO.Shared\POSUNO.Shared.projitems*{4b4b5cd3-d5dd-4656-a1dc-43312e014d8c}*SharedItemsImports = 5
		POSUNO\POSUNO.Shared\POSUNO.Shared.projitems*{5cfcebf8-ad68-4e14-a082-96fff3eef4bd}*SharedItemsImports = 4
		POSUNO\POSUNO.Shared\POSUNO.Shared.projitems*{6279c845-92f8-4333-ab99-3d213163593c}*SharedItemsImports = 13
		POSUNO\POSUNO.Shared\POSUNO.Shared.projitems*{a5993035-25bc-4020-9960-a7c40df1e4be}*SharedItemsImports = 4
		POSUNO\POSUNO.Shared\POSUNO.Shared.projitems*{b60fe6de-0a1a-4b2e-a8d7-29abf022167d}*SharedItemsImports = 4
		POSUNO\POSUNO.Shared\POSUNO.Shared.projitems*{c0a38985-2458-4925-95a5-30f2c63830f4}*SharedItemsImports = 4
		POSUNO\POSUNO.Shared\POSUNO.Shared.projitems*{efae47a3-8e1a-4710-a566-0d3874e6dfc9}*SharedItemsImports = 5
	EndGlobalSection
	GlobalSection(SolutionConfigurationPlatforms) = preSolution
		Ad-Hoc|Any CPU = Ad-Hoc|Any CPU
		Ad-Hoc|ARM = Ad-Hoc|ARM
		Ad-Hoc|ARM64 = Ad-Hoc|ARM64
		Ad-Hoc|iPhone = Ad-Hoc|iPhone
		Ad-Hoc|iPhoneSimulator = Ad-Hoc|iPhoneSimulator
		Ad-Hoc|x64 = Ad-Hoc|x64
		Ad-Hoc|x86 = Ad-Hoc|x86
		AppStore|Any CPU = AppStore|Any CPU
		AppStore|ARM = AppStore|ARM
		AppStore|ARM64 = AppStore|ARM64
		AppStore|iPhone = AppStore|iPhone
		AppStore|iPhoneSimulator = AppStore|iPhoneSimulator
		AppStore|x64 = AppStore|x64
		AppStore|x86 = AppStore|x86
		Debug|Any CPU = Debug|Any CPU
		Debug|ARM = Debug|ARM
		Debug|ARM64 = Debug|ARM64
		Debug|iPhone = Debug|iPhone
		Debug|iPhoneSimulator = Debug|iPhoneSimulator
		Debug|x64 = Debug|x64
		Debug|x86 = Debug|x86
		Release|Any CPU = Release|Any CPU
		Release|ARM = Release|ARM
		Release|ARM64 = Release|ARM64
		Release|iPhone = Release|iPhone
		Release|iPhoneSimulator = Release|iPhoneSimulator
		Release|x64 = Release|x64
		Release|x86 = Release|x86
	EndGlobalSection
	GlobalSection(ProjectConfigurationPlatforms) = postSolution
		{B60FE6DE-0A1A-4B2E-A8D7-29ABF022167D}.Ad-Hoc|Any CPU.ActiveCfg = Debug|Any CPU
		{B60FE6DE-0A1A-4B2E-A8D7-29ABF022167D}.Ad-Hoc|Any CPU.Build.0 = Debug|Any CPU
		{B60FE6DE-0A1A-4B2E-A8D7-29ABF022167D}.Ad-Hoc|Any CPU.Deploy.0 = Debug|Any CPU
		{B60FE6DE-0A1A-4B2E-A8D7-29ABF022167D}.Ad-Hoc|ARM.ActiveCfg = Debug|Any CPU
		{B60FE6DE-0A1A-4B2E-A8D7-29ABF022167D}.Ad-Hoc|ARM.Build.0 = Debug|Any CPU
		{B60FE6DE-0A1A-4B2E-A8D7-29ABF022167D}.Ad-Hoc|ARM.Deploy.0 = Debug|Any CPU
		{B60FE6DE-0A1A-4B2E-A8D7-29ABF022167D}.Ad-Hoc|ARM64.ActiveCfg = Debug|Any CPU
		{B60FE6DE-0A1A-4B2E-A8D7-29ABF022167D}.Ad-Hoc|ARM64.Build.0 = Debug|Any CPU
		{B60FE6DE-0A1A-4B2E-A8D7-29ABF022167D}.Ad-Hoc|ARM64.Deploy.0 = Debug|Any CPU
		{B60FE6DE-0A1A-4B2E-A8D7-29ABF022167D}.Ad-Hoc|iPhone.ActiveCfg = Debug|Any CPU
		{B60FE6DE-0A1A-4B2E-A8D7-29ABF022167D}.Ad-Hoc|iPhone.Build.0 = Debug|Any CPU
		{B60FE6DE-0A1A-4B2E-A8D7-29ABF022167D}.Ad-Hoc|iPhone.Deploy.0 = Debug|Any CPU
		{B60FE6DE-0A1A-4B2E-A8D7-29ABF022167D}.Ad-Hoc|iPhoneSimulator.ActiveCfg = Debug|Any CPU
		{B60FE6DE-0A1A-4B2E-A8D7-29ABF022167D}.Ad-Hoc|iPhoneSimulator.Build.0 = Debug|Any CPU
		{B60FE6DE-0A1A-4B2E-A8D7-29ABF022167D}.Ad-Hoc|iPhoneSimulator.Deploy.0 = Debug|Any CPU
		{B60FE6DE-0A1A-4B2E-A8D7-29ABF022167D}.Ad-Hoc|x64.ActiveCfg = Debug|Any CPU
		{B60FE6DE-0A1A-4B2E-A8D7-29ABF022167D}.Ad-Hoc|x64.Build.0 = Debug|Any CPU
		{B60FE6DE-0A1A-4B2E-A8D7-29ABF022167D}.Ad-Hoc|x64.Deploy.0 = Debug|Any CPU
		{B60FE6DE-0A1A-4B2E-A8D7-29ABF022167D}.Ad-Hoc|x86.ActiveCfg = Debug|Any CPU
		{B60FE6DE-0A1A-4B2E-A8D7-29ABF022167D}.Ad-Hoc|x86.Build.0 = Debug|Any CPU
		{B60FE6DE-0A1A-4B2E-A8D7-29ABF022167D}.Ad-Hoc|x86.Deploy.0 = Debug|Any CPU
		{B60FE6DE-0A1A-4B2E-A8D7-29ABF022167D}.AppStore|Any CPU.ActiveCfg = Debug|Any CPU
		{B60FE6DE-0A1A-4B2E-A8D7-29ABF022167D}.AppStore|Any CPU.Build.0 = Debug|Any CPU
		{B60FE6DE-0A1A-4B2E-A8D7-29ABF022167D}.AppStore|Any CPU.Deploy.0 = Debug|Any CPU
		{B60FE6DE-0A1A-4B2E-A8D7-29ABF022167D}.AppStore|ARM.ActiveCfg = Debug|Any CPU
		{B60FE6DE-0A1A-4B2E-A8D7-29ABF022167D}.AppStore|ARM.Build.0 = Debug|Any CPU
		{B60FE6DE-0A1A-4B2E-A8D7-29ABF022167D}.AppStore|ARM.Deploy.0 = Debug|Any CPU
		{B60FE6DE-0A1A-4B2E-A8D7-29ABF022167D}.AppStore|ARM64.ActiveCfg = Debug|Any CPU
		{B60FE6DE-0A1A-4B2E-A8D7-29ABF022167D}.AppStore|ARM64.Build.0 = Debug|Any CPU
		{B60FE6DE-0A1A-4B2E-A8D7-29ABF022167D}.AppStore|ARM64.Deploy.0 = Debug|Any CPU
		{B60FE6DE-0A1A-4B2E-A8D7-29ABF022167D}.AppStore|iPhone.ActiveCfg = Debug|Any CPU
		{B60FE6DE-0A1A-4B2E-A8D7-29ABF022167D}.AppStore|iPhone.Build.0 = Debug|Any CPU
		{B60FE6DE-0A1A-4B2E-A8D7-29ABF022167D}.AppStore|iPhone.Deploy.0 = Debug|Any CPU
		{B60FE6DE-0A1A-4B2E-A8D7-29ABF022167D}.AppStore|iPhoneSimulator.ActiveCfg = Debug|Any CPU
		{B60FE6DE-0A1A-4B2E-A8D7-29ABF022167D}.AppStore|iPhoneSimulator.Build.0 = Debug|Any CPU
		{B60FE6DE-0A1A-4B2E-A8D7-29ABF022167D}.AppStore|iPhoneSimulator.Deploy.0 = Debug|Any CPU
		{B60FE6DE-0A1A-4B2E-A8D7-29ABF022167D}.AppStore|x64.ActiveCfg = Debug|Any CPU
		{B60FE6DE-0A1A-4B2E-A8D7-29ABF022167D}.AppStore|x64.Build.0 = Debug|Any CPU
		{B60FE6DE-0A1A-4B2E-A8D7-29ABF022167D}.AppStore|x64.Deploy.0 = Debug|Any CPU
		{B60FE6DE-0A1A-4B2E-A8D7-29ABF022167D}.AppStore|x86.ActiveCfg = Debug|Any CPU
		{B60FE6DE-0A1A-4B2E-A8D7-29ABF022167D}.AppStore|x86.Build.0 = Debug|Any CPU
		{B60FE6DE-0A1A-4B2E-A8D7-29ABF022167D}.AppStore|x86.Deploy.0 = Debug|Any CPU
		{B60FE6DE-0A1A-4B2E-A8D7-29ABF022167D}.Debug|Any CPU.ActiveCfg = Debug|Any CPU
		{B60FE6DE-0A1A-4B2E-A8D7-29ABF022167D}.Debug|Any CPU.Build.0 = Debug|Any CPU
		{B60FE6DE-0A1A-4B2E-A8D7-29ABF022167D}.Debug|Any CPU.Deploy.0 = Debug|Any CPU
		{B60FE6DE-0A1A-4B2E-A8D7-29ABF022167D}.Debug|ARM.ActiveCfg = Debug|Any CPU
		{B60FE6DE-0A1A-4B2E-A8D7-29ABF022167D}.Debug|ARM.Build.0 = Debug|Any CPU
		{B60FE6DE-0A1A-4B2E-A8D7-29ABF022167D}.Debug|ARM.Deploy.0 = Debug|Any CPU
		{B60FE6DE-0A1A-4B2E-A8D7-29ABF022167D}.Debug|ARM64.ActiveCfg = Debug|Any CPU
		{B60FE6DE-0A1A-4B2E-A8D7-29ABF022167D}.Debug|ARM64.Build.0 = Debug|Any CPU
		{B60FE6DE-0A1A-4B2E-A8D7-29ABF022167D}.Debug|ARM64.Deploy.0 = Debug|Any CPU
		{B60FE6DE-0A1A-4B2E-A8D7-29ABF022167D}.Debug|iPhone.ActiveCfg = Debug|Any CPU
		{B60FE6DE-0A1A-4B2E-A8D7-29ABF022167D}.Debug|iPhone.Build.0 = Debug|Any CPU
		{B60FE6DE-0A1A-4B2E-A8D7-29ABF022167D}.Debug|iPhone.Deploy.0 = Debug|Any CPU
		{B60FE6DE-0A1A-4B2E-A8D7-29ABF022167D}.Debug|iPhoneSimulator.ActiveCfg = Debug|Any CPU
		{B60FE6DE-0A1A-4B2E-A8D7-29ABF022167D}.Debug|iPhoneSimulator.Build.0 = Debug|Any CPU
		{B60FE6DE-0A1A-4B2E-A8D7-29ABF022167D}.Debug|iPhoneSimulator.Deploy.0 = Debug|Any CPU
		{B60FE6DE-0A1A-4B2E-A8D7-29ABF022167D}.Debug|x64.ActiveCfg = Debug|Any CPU
		{B60FE6DE-0A1A-4B2E-A8D7-29ABF022167D}.Debug|x64.Build.0 = Debug|Any CPU
		{B60FE6DE-0A1A-4B2E-A8D7-29ABF022167D}.Debug|x64.Deploy.0 = Debug|Any CPU
		{B60FE6DE-0A1A-4B2E-A8D7-29ABF022167D}.Debug|x86.ActiveCfg = Debug|Any CPU
		{B60FE6DE-0A1A-4B2E-A8D7-29ABF022167D}.Debug|x86.Build.0 = Debug|Any CPU
		{B60FE6DE-0A1A-4B2E-A8D7-29ABF022167D}.Debug|x86.Deploy.0 = Debug|Any CPU
		{B60FE6DE-0A1A-4B2E-A8D7-29ABF022167D}.Release|Any CPU.ActiveCfg = Release|Any CPU
		{B60FE6DE-0A1A-4B2E-A8D7-29ABF022167D}.Release|Any CPU.Build.0 = Release|Any CPU
		{B60FE6DE-0A1A-4B2E-A8D7-29ABF022167D}.Release|Any CPU.Deploy.0 = Release|Any CPU
		{B60FE6DE-0A1A-4B2E-A8D7-29ABF022167D}.Release|ARM.ActiveCfg = Release|Any CPU
		{B60FE6DE-0A1A-4B2E-A8D7-29ABF022167D}.Release|ARM.Build.0 = Release|Any CPU
		{B60FE6DE-0A1A-4B2E-A8D7-29ABF022167D}.Release|ARM.Deploy.0 = Release|Any CPU
		{B60FE6DE-0A1A-4B2E-A8D7-29ABF022167D}.Release|ARM64.ActiveCfg = Release|Any CPU
		{B60FE6DE-0A1A-4B2E-A8D7-29ABF022167D}.Release|ARM64.Build.0 = Release|Any CPU
		{B60FE6DE-0A1A-4B2E-A8D7-29ABF022167D}.Release|ARM64.Deploy.0 = Release|Any CPU
		{B60FE6DE-0A1A-4B2E-A8D7-29ABF022167D}.Release|iPhone.ActiveCfg = Release|Any CPU
		{B60FE6DE-0A1A-4B2E-A8D7-29ABF022167D}.Release|iPhone.Build.0 = Release|Any CPU
		{B60FE6DE-0A1A-4B2E-A8D7-29ABF022167D}.Release|iPhone.Deploy.0 = Release|Any CPU
		{B60FE6DE-0A1A-4B2E-A8D7-29ABF022167D}.Release|iPhoneSimulator.ActiveCfg = Release|Any CPU
		{B60FE6DE-0A1A-4B2E-A8D7-29ABF022167D}.Release|iPhoneSimulator.Build.0 = Release|Any CPU
		{B60FE6DE-0A1A-4B2E-A8D7-29ABF022167D}.Release|iPhoneSimulator.Deploy.0 = Release|Any CPU
		{B60FE6DE-0A1A-4B2E-A8D7-29ABF022167D}.Release|x64.ActiveCfg = Release|Any CPU
		{B60FE6DE-0A1A-4B2E-A8D7-29ABF022167D}.Release|x64.Build.0 = Release|Any CPU
		{B60FE6DE-0A1A-4B2E-A8D7-29ABF022167D}.Release|x64.Deploy.0 = Release|Any CPU
		{B60FE6DE-0A1A-4B2E-A8D7-29ABF022167D}.Release|x86.ActiveCfg = Release|Any CPU
		{B60FE6DE-0A1A-4B2E-A8D7-29ABF022167D}.Release|x86.Build.0 = Release|Any CPU
		{B60FE6DE-0A1A-4B2E-A8D7-29ABF022167D}.Release|x86.Deploy.0 = Release|Any CPU
		{5CFCEBF8-AD68-4E14-A082-96FFF3EEF4BD}.Ad-Hoc|Any CPU.ActiveCfg = Ad-Hoc|iPhoneSimulator
		{5CFCEBF8-AD68-4E14-A082-96FFF3EEF4BD}.Ad-Hoc|ARM.ActiveCfg = Ad-Hoc|iPhoneSimulator
		{5CFCEBF8-AD68-4E14-A082-96FFF3EEF4BD}.Ad-Hoc|ARM64.ActiveCfg = Ad-Hoc|iPhoneSimulator
		{5CFCEBF8-AD68-4E14-A082-96FFF3EEF4BD}.Ad-Hoc|iPhone.ActiveCfg = Ad-Hoc|iPhone
		{5CFCEBF8-AD68-4E14-A082-96FFF3EEF4BD}.Ad-Hoc|iPhone.Build.0 = Ad-Hoc|iPhone
		{5CFCEBF8-AD68-4E14-A082-96FFF3EEF4BD}.Ad-Hoc|iPhoneSimulator.ActiveCfg = Ad-Hoc|iPhoneSimulator
		{5CFCEBF8-AD68-4E14-A082-96FFF3EEF4BD}.Ad-Hoc|iPhoneSimulator.Build.0 = Ad-Hoc|iPhoneSimulator
		{5CFCEBF8-AD68-4E14-A082-96FFF3EEF4BD}.Ad-Hoc|x64.ActiveCfg = Ad-Hoc|iPhoneSimulator
		{5CFCEBF8-AD68-4E14-A082-96FFF3EEF4BD}.Ad-Hoc|x86.ActiveCfg = Ad-Hoc|iPhoneSimulator
		{5CFCEBF8-AD68-4E14-A082-96FFF3EEF4BD}.AppStore|Any CPU.ActiveCfg = AppStore|iPhoneSimulator
		{5CFCEBF8-AD68-4E14-A082-96FFF3EEF4BD}.AppStore|ARM.ActiveCfg = AppStore|iPhoneSimulator
		{5CFCEBF8-AD68-4E14-A082-96FFF3EEF4BD}.AppStore|ARM64.ActiveCfg = AppStore|iPhoneSimulator
		{5CFCEBF8-AD68-4E14-A082-96FFF3EEF4BD}.AppStore|iPhone.ActiveCfg = AppStore|iPhone
		{5CFCEBF8-AD68-4E14-A082-96FFF3EEF4BD}.AppStore|iPhone.Build.0 = AppStore|iPhone
		{5CFCEBF8-AD68-4E14-A082-96FFF3EEF4BD}.AppStore|iPhoneSimulator.ActiveCfg = AppStore|iPhoneSimulator
		{5CFCEBF8-AD68-4E14-A082-96FFF3EEF4BD}.AppStore|iPhoneSimulator.Build.0 = AppStore|iPhoneSimulator
		{5CFCEBF8-AD68-4E14-A082-96FFF3EEF4BD}.AppStore|x64.ActiveCfg = AppStore|iPhoneSimulator
		{5CFCEBF8-AD68-4E14-A082-96FFF3EEF4BD}.AppStore|x86.ActiveCfg = AppStore|iPhoneSimulator
		{5CFCEBF8-AD68-4E14-A082-96FFF3EEF4BD}.Debug|Any CPU.ActiveCfg = Debug|iPhoneSimulator
		{5CFCEBF8-AD68-4E14-A082-96FFF3EEF4BD}.Debug|Any CPU.Build.0 = Debug|iPhoneSimulator
		{5CFCEBF8-AD68-4E14-A082-96FFF3EEF4BD}.Debug|ARM.ActiveCfg = Debug|iPhoneSimulator
		{5CFCEBF8-AD68-4E14-A082-96FFF3EEF4BD}.Debug|ARM64.ActiveCfg = Debug|iPhoneSimulator
		{5CFCEBF8-AD68-4E14-A082-96FFF3EEF4BD}.Debug|iPhone.ActiveCfg = Debug|iPhone
		{5CFCEBF8-AD68-4E14-A082-96FFF3EEF4BD}.Debug|iPhone.Build.0 = Debug|iPhone
		{5CFCEBF8-AD68-4E14-A082-96FFF3EEF4BD}.Debug|iPhoneSimulator.ActiveCfg = Debug|iPhoneSimulator
		{5CFCEBF8-AD68-4E14-A082-96FFF3EEF4BD}.Debug|iPhoneSimulator.Build.0 = Debug|iPhoneSimulator
		{5CFCEBF8-AD68-4E14-A082-96FFF3EEF4BD}.Debug|x64.ActiveCfg = Debug|iPhoneSimulator
		{5CFCEBF8-AD68-4E14-A082-96FFF3EEF4BD}.Debug|x86.ActiveCfg = Debug|iPhoneSimulator
		{5CFCEBF8-AD68-4E14-A082-96FFF3EEF4BD}.Release|Any CPU.ActiveCfg = Release|iPhoneSimulator
		{5CFCEBF8-AD68-4E14-A082-96FFF3EEF4BD}.Release|ARM.ActiveCfg = Release|iPhoneSimulator
		{5CFCEBF8-AD68-4E14-A082-96FFF3EEF4BD}.Release|ARM64.ActiveCfg = Release|iPhoneSimulator
		{5CFCEBF8-AD68-4E14-A082-96FFF3EEF4BD}.Release|iPhone.ActiveCfg = Release|iPhone
		{5CFCEBF8-AD68-4E14-A082-96FFF3EEF4BD}.Release|iPhone.Build.0 = Release|iPhone
		{5CFCEBF8-AD68-4E14-A082-96FFF3EEF4BD}.Release|iPhoneSimulator.ActiveCfg = Release|iPhoneSimulator
		{5CFCEBF8-AD68-4E14-A082-96FFF3EEF4BD}.Release|iPhoneSimulator.Build.0 = Release|iPhoneSimulator
		{5CFCEBF8-AD68-4E14-A082-96FFF3EEF4BD}.Release|x64.ActiveCfg = Release|iPhoneSimulator
		{5CFCEBF8-AD68-4E14-A082-96FFF3EEF4BD}.Release|x86.ActiveCfg = Release|iPhoneSimulator
		{C0A38985-2458-4925-95A5-30F2C63830F4}.Ad-Hoc|Any CPU.ActiveCfg = Debug|x86
		{C0A38985-2458-4925-95A5-30F2C63830F4}.Ad-Hoc|Any CPU.Build.0 = Debug|x86
		{C0A38985-2458-4925-95A5-30F2C63830F4}.Ad-Hoc|Any CPU.Deploy.0 = Debug|x86
		{C0A38985-2458-4925-95A5-30F2C63830F4}.Ad-Hoc|ARM.ActiveCfg = Debug|ARM
		{C0A38985-2458-4925-95A5-30F2C63830F4}.Ad-Hoc|ARM.Build.0 = Debug|ARM
		{C0A38985-2458-4925-95A5-30F2C63830F4}.Ad-Hoc|ARM.Deploy.0 = Debug|ARM
		{C0A38985-2458-4925-95A5-30F2C63830F4}.Ad-Hoc|ARM64.ActiveCfg = Debug|ARM64
		{C0A38985-2458-4925-95A5-30F2C63830F4}.Ad-Hoc|ARM64.Build.0 = Debug|ARM64
		{C0A38985-2458-4925-95A5-30F2C63830F4}.Ad-Hoc|ARM64.Deploy.0 = Debug|ARM64
		{C0A38985-2458-4925-95A5-30F2C63830F4}.Ad-Hoc|iPhone.ActiveCfg = Debug|x86
		{C0A38985-2458-4925-95A5-30F2C63830F4}.Ad-Hoc|iPhone.Build.0 = Debug|x86
		{C0A38985-2458-4925-95A5-30F2C63830F4}.Ad-Hoc|iPhone.Deploy.0 = Debug|x86
		{C0A38985-2458-4925-95A5-30F2C63830F4}.Ad-Hoc|iPhoneSimulator.ActiveCfg = Debug|x86
		{C0A38985-2458-4925-95A5-30F2C63830F4}.Ad-Hoc|iPhoneSimulator.Build.0 = Debug|x86
		{C0A38985-2458-4925-95A5-30F2C63830F4}.Ad-Hoc|iPhoneSimulator.Deploy.0 = Debug|x86
		{C0A38985-2458-4925-95A5-30F2C63830F4}.Ad-Hoc|x64.ActiveCfg = Debug|x64
		{C0A38985-2458-4925-95A5-30F2C63830F4}.Ad-Hoc|x64.Build.0 = Debug|x64
		{C0A38985-2458-4925-95A5-30F2C63830F4}.Ad-Hoc|x64.Deploy.0 = Debug|x64
		{C0A38985-2458-4925-95A5-30F2C63830F4}.Ad-Hoc|x86.ActiveCfg = Debug|x86
		{C0A38985-2458-4925-95A5-30F2C63830F4}.Ad-Hoc|x86.Build.0 = Debug|x86
		{C0A38985-2458-4925-95A5-30F2C63830F4}.Ad-Hoc|x86.Deploy.0 = Debug|x86
		{C0A38985-2458-4925-95A5-30F2C63830F4}.AppStore|Any CPU.ActiveCfg = Debug|x86
		{C0A38985-2458-4925-95A5-30F2C63830F4}.AppStore|Any CPU.Build.0 = Debug|x86
		{C0A38985-2458-4925-95A5-30F2C63830F4}.AppStore|Any CPU.Deploy.0 = Debug|x86
		{C0A38985-2458-4925-95A5-30F2C63830F4}.AppStore|ARM.ActiveCfg = Debug|ARM
		{C0A38985-2458-4925-95A5-30F2C63830F4}.AppStore|ARM.Build.0 = Debug|ARM
		{C0A38985-2458-4925-95A5-30F2C63830F4}.AppStore|ARM.Deploy.0 = Debug|ARM
		{C0A38985-2458-4925-95A5-30F2C63830F4}.AppStore|ARM64.ActiveCfg = Debug|ARM64
		{C0A38985-2458-4925-95A5-30F2C63830F4}.AppStore|ARM64.Build.0 = Debug|ARM64
		{C0A38985-2458-4925-95A5-30F2C63830F4}.AppStore|ARM64.Deploy.0 = Debug|ARM64
		{C0A38985-2458-4925-95A5-30F2C63830F4}.AppStore|iPhone.ActiveCfg = Debug|x86
		{C0A38985-2458-4925-95A5-30F2C63830F4}.AppStore|iPhone.Build.0 = Debug|x86
		{C0A38985-2458-4925-95A5-30F2C63830F4}.AppStore|iPhone.Deploy.0 = Debug|x86
		{C0A38985-2458-4925-95A5-30F2C63830F4}.AppStore|iPhoneSimulator.ActiveCfg = Debug|x86
		{C0A38985-2458-4925-95A5-30F2C63830F4}.AppStore|iPhoneSimulator.Build.0 = Debug|x86
		{C0A38985-2458-4925-95A5-30F2C63830F4}.AppStore|iPhoneSimulator.Deploy.0 = Debug|x86
		{C0A38985-2458-4925-95A5-30F2C63830F4}.AppStore|x64.ActiveCfg = Debug|x64
		{C0A38985-2458-4925-95A5-30F2C63830F4}.AppStore|x64.Build.0 = Debug|x64
		{C0A38985-2458-4925-95A5-30F2C63830F4}.AppStore|x64.Deploy.0 = Debug|x64
		{C0A38985-2458-4925-95A5-30F2C63830F4}.AppStore|x86.ActiveCfg = Debug|x86
		{C0A38985-2458-4925-95A5-30F2C63830F4}.AppStore|x86.Build.0 = Debug|x86
		{C0A38985-2458-4925-95A5-30F2C63830F4}.AppStore|x86.Deploy.0 = Debug|x86
		{C0A38985-2458-4925-95A5-30F2C63830F4}.Debug|Any CPU.ActiveCfg = Debug|x86
		{C0A38985-2458-4925-95A5-30F2C63830F4}.Debug|Any CPU.Build.0 = Debug|x86
		{C0A38985-2458-4925-95A5-30F2C63830F4}.Debug|Any CPU.Deploy.0 = Debug|x86
		{C0A38985-2458-4925-95A5-30F2C63830F4}.Debug|ARM.ActiveCfg = Debug|ARM
		{C0A38985-2458-4925-95A5-30F2C63830F4}.Debug|ARM.Build.0 = Debug|ARM
		{C0A38985-2458-4925-95A5-30F2C63830F4}.Debug|ARM.Deploy.0 = Debug|ARM
		{C0A38985-2458-4925-95A5-30F2C63830F4}.Debug|ARM64.ActiveCfg = Debug|ARM64
		{C0A38985-2458-4925-95A5-30F2C63830F4}.Debug|ARM64.Build.0 = Debug|ARM64
		{C0A38985-2458-4925-95A5-30F2C63830F4}.Debug|ARM64.Deploy.0 = Debug|ARM64
		{C0A38985-2458-4925-95A5-30F2C63830F4}.Debug|iPhone.ActiveCfg = Debug|x86
		{C0A38985-2458-4925-95A5-30F2C63830F4}.Debug|iPhoneSimulator.ActiveCfg = Debug|x86
		{C0A38985-2458-4925-95A5-30F2C63830F4}.Debug|x64.ActiveCfg = Debug|x64
		{C0A38985-2458-4925-95A5-30F2C63830F4}.Debug|x64.Build.0 = Debug|x64
		{C0A38985-2458-4925-95A5-30F2C63830F4}.Debug|x64.Deploy.0 = Debug|x64
		{C0A38985-2458-4925-95A5-30F2C63830F4}.Debug|x86.ActiveCfg = Debug|x86
		{C0A38985-2458-4925-95A5-30F2C63830F4}.Debug|x86.Build.0 = Debug|x86
		{C0A38985-2458-4925-95A5-30F2C63830F4}.Debug|x86.Deploy.0 = Debug|x86
		{C0A38985-2458-4925-95A5-30F2C63830F4}.Release|Any CPU.ActiveCfg = Release|x86
		{C0A38985-2458-4925-95A5-30F2C63830F4}.Release|ARM.ActiveCfg = Release|ARM
		{C0A38985-2458-4925-95A5-30F2C63830F4}.Release|ARM.Build.0 = Release|ARM
		{C0A38985-2458-4925-95A5-30F2C63830F4}.Release|ARM.Deploy.0 = Release|ARM
		{C0A38985-2458-4925-95A5-30F2C63830F4}.Release|ARM64.ActiveCfg = Release|ARM64
		{C0A38985-2458-4925-95A5-30F2C63830F4}.Release|ARM64.Build.0 = Release|ARM64
		{C0A38985-2458-4925-95A5-30F2C63830F4}.Release|ARM64.Deploy.0 = Release|ARM64
		{C0A38985-2458-4925-95A5-30F2C63830F4}.Release|iPhone.ActiveCfg = Release|x86
		{C0A38985-2458-4925-95A5-30F2C63830F4}.Release|iPhoneSimulator.ActiveCfg = Release|x86
		{C0A38985-2458-4925-95A5-30F2C63830F4}.Release|x64.ActiveCfg = Release|x64
		{C0A38985-2458-4925-95A5-30F2C63830F4}.Release|x64.Build.0 = Release|x64
		{C0A38985-2458-4925-95A5-30F2C63830F4}.Release|x64.Deploy.0 = Release|x64
		{C0A38985-2458-4925-95A5-30F2C63830F4}.Release|x86.ActiveCfg = Release|x86
		{C0A38985-2458-4925-95A5-30F2C63830F4}.Release|x86.Build.0 = Release|x86
		{C0A38985-2458-4925-95A5-30F2C63830F4}.Release|x86.Deploy.0 = Release|x86
		{0B35F6E8-5EE3-4A5D-A56F-33B5E532360E}.Ad-Hoc|Any CPU.ActiveCfg = Debug|Any CPU
		{0B35F6E8-5EE3-4A5D-A56F-33B5E532360E}.Ad-Hoc|Any CPU.Build.0 = Debug|Any CPU
		{0B35F6E8-5EE3-4A5D-A56F-33B5E532360E}.Ad-Hoc|ARM.ActiveCfg = Debug|Any CPU
		{0B35F6E8-5EE3-4A5D-A56F-33B5E532360E}.Ad-Hoc|ARM.Build.0 = Debug|Any CPU
		{0B35F6E8-5EE3-4A5D-A56F-33B5E532360E}.Ad-Hoc|ARM64.ActiveCfg = Debug|Any CPU
		{0B35F6E8-5EE3-4A5D-A56F-33B5E532360E}.Ad-Hoc|ARM64.Build.0 = Debug|Any CPU
		{0B35F6E8-5EE3-4A5D-A56F-33B5E532360E}.Ad-Hoc|iPhone.ActiveCfg = Debug|Any CPU
		{0B35F6E8-5EE3-4A5D-A56F-33B5E532360E}.Ad-Hoc|iPhone.Build.0 = Debug|Any CPU
		{0B35F6E8-5EE3-4A5D-A56F-33B5E532360E}.Ad-Hoc|iPhoneSimulator.ActiveCfg = Debug|Any CPU
		{0B35F6E8-5EE3-4A5D-A56F-33B5E532360E}.Ad-Hoc|iPhoneSimulator.Build.0 = Debug|Any CPU
		{0B35F6E8-5EE3-4A5D-A56F-33B5E532360E}.Ad-Hoc|x64.ActiveCfg = Debug|Any CPU
		{0B35F6E8-5EE3-4A5D-A56F-33B5E532360E}.Ad-Hoc|x64.Build.0 = Debug|Any CPU
		{0B35F6E8-5EE3-4A5D-A56F-33B5E532360E}.Ad-Hoc|x86.ActiveCfg = Debug|Any CPU
		{0B35F6E8-5EE3-4A5D-A56F-33B5E532360E}.Ad-Hoc|x86.Build.0 = Debug|Any CPU
		{0B35F6E8-5EE3-4A5D-A56F-33B5E532360E}.AppStore|Any CPU.ActiveCfg = Debug|Any CPU
		{0B35F6E8-5EE3-4A5D-A56F-33B5E532360E}.AppStore|Any CPU.Build.0 = Debug|Any CPU
		{0B35F6E8-5EE3-4A5D-A56F-33B5E532360E}.AppStore|ARM.ActiveCfg = Debug|Any CPU
		{0B35F6E8-5EE3-4A5D-A56F-33B5E532360E}.AppStore|ARM.Build.0 = Debug|Any CPU
		{0B35F6E8-5EE3-4A5D-A56F-33B5E532360E}.AppStore|ARM64.ActiveCfg = Debug|Any CPU
		{0B35F6E8-5EE3-4A5D-A56F-33B5E532360E}.AppStore|ARM64.Build.0 = Debug|Any CPU
		{0B35F6E8-5EE3-4A5D-A56F-33B5E532360E}.AppStore|iPhone.ActiveCfg = Debug|Any CPU
		{0B35F6E8-5EE3-4A5D-A56F-33B5E532360E}.AppStore|iPhone.Build.0 = Debug|Any CPU
		{0B35F6E8-5EE3-4A5D-A56F-33B5E532360E}.AppStore|iPhoneSimulator.ActiveCfg = Debug|Any CPU
		{0B35F6E8-5EE3-4A5D-A56F-33B5E532360E}.AppStore|iPhoneSimulator.Build.0 = Debug|Any CPU
		{0B35F6E8-5EE3-4A5D-A56F-33B5E532360E}.AppStore|x64.ActiveCfg = Debug|Any CPU
		{0B35F6E8-5EE3-4A5D-A56F-33B5E532360E}.AppStore|x64.Build.0 = Debug|Any CPU
		{0B35F6E8-5EE3-4A5D-A56F-33B5E532360E}.AppStore|x86.ActiveCfg = Debug|Any CPU
		{0B35F6E8-5EE3-4A5D-A56F-33B5E532360E}.AppStore|x86.Build.0 = Debug|Any CPU
		{0B35F6E8-5EE3-4A5D-A56F-33B5E532360E}.Debug|Any CPU.ActiveCfg = Debug|Any CPU
		{0B35F6E8-5EE3-4A5D-A56F-33B5E532360E}.Debug|Any CPU.Build.0 = Debug|Any CPU
		{0B35F6E8-5EE3-4A5D-A56F-33B5E532360E}.Debug|ARM.ActiveCfg = Debug|Any CPU
		{0B35F6E8-5EE3-4A5D-A56F-33B5E532360E}.Debug|ARM.Build.0 = Debug|Any CPU
		{0B35F6E8-5EE3-4A5D-A56F-33B5E532360E}.Debug|ARM64.ActiveCfg = Debug|Any CPU
		{0B35F6E8-5EE3-4A5D-A56F-33B5E532360E}.Debug|ARM64.Build.0 = Debug|Any CPU
		{0B35F6E8-5EE3-4A5D-A56F-33B5E532360E}.Debug|iPhone.ActiveCfg = Debug|Any CPU
		{0B35F6E8-5EE3-4A5D-A56F-33B5E532360E}.Debug|iPhone.Build.0 = Debug|Any CPU
		{0B35F6E8-5EE3-4A5D-A56F-33B5E532360E}.Debug|iPhoneSimulator.ActiveCfg = Debug|Any CPU
		{0B35F6E8-5EE3-4A5D-A56F-33B5E532360E}.Debug|iPhoneSimulator.Build.0 = Debug|Any CPU
		{0B35F6E8-5EE3-4A5D-A56F-33B5E532360E}.Debug|x64.ActiveCfg = Debug|Any CPU
		{0B35F6E8-5EE3-4A5D-A56F-33B5E532360E}.Debug|x64.Build.0 = Debug|Any CPU
		{0B35F6E8-5EE3-4A5D-A56F-33B5E532360E}.Debug|x86.ActiveCfg = Debug|Any CPU
		{0B35F6E8-5EE3-4A5D-A56F-33B5E532360E}.Debug|x86.Build.0 = Debug|Any CPU
		{0B35F6E8-5EE3-4A5D-A56F-33B5E532360E}.Release|Any CPU.ActiveCfg = Release|Any CPU
		{0B35F6E8-5EE3-4A5D-A56F-33B5E532360E}.Release|Any CPU.Build.0 = Release|Any CPU
		{0B35F6E8-5EE3-4A5D-A56F-33B5E532360E}.Release|ARM.ActiveCfg = Release|Any CPU
		{0B35F6E8-5EE3-4A5D-A56F-33B5E532360E}.Release|ARM.Build.0 = Release|Any CPU
		{0B35F6E8-5EE3-4A5D-A56F-33B5E532360E}.Release|ARM64.ActiveCfg = Release|Any CPU
		{0B35F6E8-5EE3-4A5D-A56F-33B5E532360E}.Release|ARM64.Build.0 = Release|Any CPU
		{0B35F6E8-5EE3-4A5D-A56F-33B5E532360E}.Release|iPhone.ActiveCfg = Release|Any CPU
		{0B35F6E8-5EE3-4A5D-A56F-33B5E532360E}.Release|iPhone.Build.0 = Release|Any CPU
		{0B35F6E8-5EE3-4A5D-A56F-33B5E532360E}.Release|iPhoneSimulator.ActiveCfg = Release|Any CPU
		{0B35F6E8-5EE3-4A5D-A56F-33B5E532360E}.Release|iPhoneSimulator.Build.0 = Release|Any CPU
		{0B35F6E8-5EE3-4A5D-A56F-33B5E532360E}.Release|x64.ActiveCfg = Release|Any CPU
		{0B35F6E8-5EE3-4A5D-A56F-33B5E532360E}.Release|x64.Build.0 = Release|Any CPU
		{0B35F6E8-5EE3-4A5D-A56F-33B5E532360E}.Release|x86.ActiveCfg = Release|Any CPU
		{0B35F6E8-5EE3-4A5D-A56F-33B5E532360E}.Release|x86.Build.0 = Release|Any CPU
		{A5993035-25BC-4020-9960-A7C40DF1E4BE}.Ad-Hoc|Any CPU.ActiveCfg = Debug|iPhoneSimulator
		{A5993035-25BC-4020-9960-A7C40DF1E4BE}.Ad-Hoc|Any CPU.Build.0 = Debug|iPhoneSimulator
		{A5993035-25BC-4020-9960-A7C40DF1E4BE}.Ad-Hoc|ARM.ActiveCfg = Debug|iPhoneSimulator
		{A5993035-25BC-4020-9960-A7C40DF1E4BE}.Ad-Hoc|ARM.Build.0 = Debug|iPhoneSimulator
		{A5993035-25BC-4020-9960-A7C40DF1E4BE}.Ad-Hoc|ARM64.ActiveCfg = Debug|iPhoneSimulator
		{A5993035-25BC-4020-9960-A7C40DF1E4BE}.Ad-Hoc|ARM64.Build.0 = Debug|iPhoneSimulator
		{A5993035-25BC-4020-9960-A7C40DF1E4BE}.Ad-Hoc|iPhone.ActiveCfg = Debug|iPhoneSimulator
		{A5993035-25BC-4020-9960-A7C40DF1E4BE}.Ad-Hoc|iPhone.Build.0 = Debug|iPhoneSimulator
		{A5993035-25BC-4020-9960-A7C40DF1E4BE}.Ad-Hoc|iPhoneSimulator.ActiveCfg = Debug|iPhoneSimulator
		{A5993035-25BC-4020-9960-A7C40DF1E4BE}.Ad-Hoc|iPhoneSimulator.Build.0 = Debug|iPhoneSimulator
		{A5993035-25BC-4020-9960-A7C40DF1E4BE}.Ad-Hoc|x64.ActiveCfg = Debug|iPhoneSimulator
		{A5993035-25BC-4020-9960-A7C40DF1E4BE}.Ad-Hoc|x64.Build.0 = Debug|iPhoneSimulator
		{A5993035-25BC-4020-9960-A7C40DF1E4BE}.Ad-Hoc|x86.ActiveCfg = Debug|iPhoneSimulator
		{A5993035-25BC-4020-9960-A7C40DF1E4BE}.Ad-Hoc|x86.Build.0 = Debug|iPhoneSimulator
		{A5993035-25BC-4020-9960-A7C40DF1E4BE}.AppStore|Any CPU.ActiveCfg = Debug|iPhoneSimulator
		{A5993035-25BC-4020-9960-A7C40DF1E4BE}.AppStore|Any CPU.Build.0 = Debug|iPhoneSimulator
		{A5993035-25BC-4020-9960-A7C40DF1E4BE}.AppStore|ARM.ActiveCfg = Debug|iPhoneSimulator
		{A5993035-25BC-4020-9960-A7C40DF1E4BE}.AppStore|ARM.Build.0 = Debug|iPhoneSimulator
		{A5993035-25BC-4020-9960-A7C40DF1E4BE}.AppStore|ARM64.ActiveCfg = Debug|iPhoneSimulator
		{A5993035-25BC-4020-9960-A7C40DF1E4BE}.AppStore|ARM64.Build.0 = Debug|iPhoneSimulator
		{A5993035-25BC-4020-9960-A7C40DF1E4BE}.AppStore|iPhone.ActiveCfg = Debug|iPhoneSimulator
		{A5993035-25BC-4020-9960-A7C40DF1E4BE}.AppStore|iPhone.Build.0 = Debug|iPhoneSimulator
		{A5993035-25BC-4020-9960-A7C40DF1E4BE}.AppStore|iPhoneSimulator.ActiveCfg = Debug|iPhoneSimulator
		{A5993035-25BC-4020-9960-A7C40DF1E4BE}.AppStore|iPhoneSimulator.Build.0 = Debug|iPhoneSimulator
		{A5993035-25BC-4020-9960-A7C40DF1E4BE}.AppStore|x64.ActiveCfg = Debug|iPhoneSimulator
		{A5993035-25BC-4020-9960-A7C40DF1E4BE}.AppStore|x64.Build.0 = Debug|iPhoneSimulator
		{A5993035-25BC-4020-9960-A7C40DF1E4BE}.AppStore|x86.ActiveCfg = Debug|iPhoneSimulator
		{A5993035-25BC-4020-9960-A7C40DF1E4BE}.AppStore|x86.Build.0 = Debug|iPhoneSimulator
		{A5993035-25BC-4020-9960-A7C40DF1E4BE}.Debug|Any CPU.ActiveCfg = Debug|iPhoneSimulator
		{A5993035-25BC-4020-9960-A7C40DF1E4BE}.Debug|Any CPU.Build.0 = Debug|iPhoneSimulator
		{A5993035-25BC-4020-9960-A7C40DF1E4BE}.Debug|ARM.ActiveCfg = Debug|iPhoneSimulator
		{A5993035-25BC-4020-9960-A7C40DF1E4BE}.Debug|ARM64.ActiveCfg = Debug|iPhoneSimulator
		{A5993035-25BC-4020-9960-A7C40DF1E4BE}.Debug|iPhone.ActiveCfg = Debug|iPhoneSimulator
		{A5993035-25BC-4020-9960-A7C40DF1E4BE}.Debug|iPhoneSimulator.ActiveCfg = Debug|iPhoneSimulator
		{A5993035-25BC-4020-9960-A7C40DF1E4BE}.Debug|iPhoneSimulator.Build.0 = Debug|iPhoneSimulator
		{A5993035-25BC-4020-9960-A7C40DF1E4BE}.Debug|x64.ActiveCfg = Debug|iPhoneSimulator
		{A5993035-25BC-4020-9960-A7C40DF1E4BE}.Debug|x86.ActiveCfg = Debug|iPhoneSimulator
		{A5993035-25BC-4020-9960-A7C40DF1E4BE}.Release|Any CPU.ActiveCfg = Release|iPhoneSimulator
		{A5993035-25BC-4020-9960-A7C40DF1E4BE}.Release|ARM.ActiveCfg = Release|iPhoneSimulator
		{A5993035-25BC-4020-9960-A7C40DF1E4BE}.Release|ARM64.ActiveCfg = Release|iPhoneSimulator
		{A5993035-25BC-4020-9960-A7C40DF1E4BE}.Release|iPhone.ActiveCfg = Release|iPhoneSimulator
		{A5993035-25BC-4020-9960-A7C40DF1E4BE}.Release|iPhoneSimulator.ActiveCfg = Release|iPhoneSimulator
		{A5993035-25BC-4020-9960-A7C40DF1E4BE}.Release|iPhoneSimulator.Build.0 = Release|iPhoneSimulator
		{A5993035-25BC-4020-9960-A7C40DF1E4BE}.Release|x64.ActiveCfg = Release|iPhoneSimulator
		{A5993035-25BC-4020-9960-A7C40DF1E4BE}.Release|x86.ActiveCfg = Release|iPhoneSimulator
		{7DD40131-00AE-4C1E-802B-7149F32EF965}.Ad-Hoc|Any CPU.ActiveCfg = Debug|Any CPU
		{7DD40131-00AE-4C1E-802B-7149F32EF965}.Ad-Hoc|Any CPU.Build.0 = Debug|Any CPU
		{7DD40131-00AE-4C1E-802B-7149F32EF965}.Ad-Hoc|ARM.ActiveCfg = Debug|Any CPU
		{7DD40131-00AE-4C1E-802B-7149F32EF965}.Ad-Hoc|ARM.Build.0 = Debug|Any CPU
		{7DD40131-00AE-4C1E-802B-7149F32EF965}.Ad-Hoc|ARM64.ActiveCfg = Debug|Any CPU
		{7DD40131-00AE-4C1E-802B-7149F32EF965}.Ad-Hoc|ARM64.Build.0 = Debug|Any CPU
		{7DD40131-00AE-4C1E-802B-7149F32EF965}.Ad-Hoc|iPhone.ActiveCfg = Debug|Any CPU
		{7DD40131-00AE-4C1E-802B-7149F32EF965}.Ad-Hoc|iPhone.Build.0 = Debug|Any CPU
		{7DD40131-00AE-4C1E-802B-7149F32EF965}.Ad-Hoc|iPhoneSimulator.ActiveCfg = Debug|Any CPU
		{7DD40131-00AE-4C1E-802B-7149F32EF965}.Ad-Hoc|iPhoneSimulator.Build.0 = Debug|Any CPU
		{7DD40131-00AE-4C1E-802B-7149F32EF965}.Ad-Hoc|x64.ActiveCfg = Debug|Any CPU
		{7DD40131-00AE-4C1E-802B-7149F32EF965}.Ad-Hoc|x64.Build.0 = Debug|Any CPU
		{7DD40131-00AE-4C1E-802B-7149F32EF965}.Ad-Hoc|x86.ActiveCfg = Debug|Any CPU
		{7DD40131-00AE-4C1E-802B-7149F32EF965}.Ad-Hoc|x86.Build.0 = Debug|Any CPU
		{7DD40131-00AE-4C1E-802B-7149F32EF965}.AppStore|Any CPU.ActiveCfg = Debug|Any CPU
		{7DD40131-00AE-4C1E-802B-7149F32EF965}.AppStore|Any CPU.Build.0 = Debug|Any CPU
		{7DD40131-00AE-4C1E-802B-7149F32EF965}.AppStore|ARM.ActiveCfg = Debug|Any CPU
		{7DD40131-00AE-4C1E-802B-7149F32EF965}.AppStore|ARM.Build.0 = Debug|Any CPU
		{7DD40131-00AE-4C1E-802B-7149F32EF965}.AppStore|ARM64.ActiveCfg = Debug|Any CPU
		{7DD40131-00AE-4C1E-802B-7149F32EF965}.AppStore|ARM64.Build.0 = Debug|Any CPU
		{7DD40131-00AE-4C1E-802B-7149F32EF965}.AppStore|iPhone.ActiveCfg = Debug|Any CPU
		{7DD40131-00AE-4C1E-802B-7149F32EF965}.AppStore|iPhone.Build.0 = Debug|Any CPU
		{7DD40131-00AE-4C1E-802B-7149F32EF965}.AppStore|iPhoneSimulator.ActiveCfg = Debug|Any CPU
		{7DD40131-00AE-4C1E-802B-7149F32EF965}.AppStore|iPhoneSimulator.Build.0 = Debug|Any CPU
		{7DD40131-00AE-4C1E-802B-7149F32EF965}.AppStore|x64.ActiveCfg = Debug|Any CPU
		{7DD40131-00AE-4C1E-802B-7149F32EF965}.AppStore|x64.Build.0 = Debug|Any CPU
		{7DD40131-00AE-4C1E-802B-7149F32EF965}.AppStore|x86.ActiveCfg = Debug|Any CPU
		{7DD40131-00AE-4C1E-802B-7149F32EF965}.AppStore|x86.Build.0 = Debug|Any CPU
		{7DD40131-00AE-4C1E-802B-7149F32EF965}.Debug|Any CPU.ActiveCfg = Debug|Any CPU
		{7DD40131-00AE-4C1E-802B-7149F32EF965}.Debug|Any CPU.Build.0 = Debug|Any CPU
		{7DD40131-00AE-4C1E-802B-7149F32EF965}.Debug|ARM.ActiveCfg = Debug|Any CPU
		{7DD40131-00AE-4C1E-802B-7149F32EF965}.Debug|ARM.Build.0 = Debug|Any CPU
		{7DD40131-00AE-4C1E-802B-7149F32EF965}.Debug|ARM64.ActiveCfg = Debug|Any CPU
		{7DD40131-00AE-4C1E-802B-7149F32EF965}.Debug|ARM64.Build.0 = Debug|Any CPU
		{7DD40131-00AE-4C1E-802B-7149F32EF965}.Debug|iPhone.ActiveCfg = Debug|Any CPU
		{7DD40131-00AE-4C1E-802B-7149F32EF965}.Debug|iPhone.Build.0 = Debug|Any CPU
		{7DD40131-00AE-4C1E-802B-7149F32EF965}.Debug|iPhoneSimulator.ActiveCfg = Debug|Any CPU
		{7DD40131-00AE-4C1E-802B-7149F32EF965}.Debug|iPhoneSimulator.Build.0 = Debug|Any CPU
		{7DD40131-00AE-4C1E-802B-7149F32EF965}.Debug|x64.ActiveCfg = Debug|Any CPU
		{7DD40131-00AE-4C1E-802B-7149F32EF965}.Debug|x64.Build.0 = Debug|Any CPU
		{7DD40131-00AE-4C1E-802B-7149F32EF965}.Debug|x86.ActiveCfg = Debug|Any CPU
		{7DD40131-00AE-4C1E-802B-7149F32EF965}.Debug|x86.Build.0 = Debug|Any CPU
		{7DD40131-00AE-4C1E-802B-7149F32EF965}.Release|Any CPU.ActiveCfg = Release|Any CPU
		{7DD40131-00AE-4C1E-802B-7149F32EF965}.Release|Any CPU.Build.0 = Release|Any CPU
		{7DD40131-00AE-4C1E-802B-7149F32EF965}.Release|ARM.ActiveCfg = Release|Any CPU
		{7DD40131-00AE-4C1E-802B-7149F32EF965}.Release|ARM.Build.0 = Release|Any CPU
		{7DD40131-00AE-4C1E-802B-7149F32EF965}.Release|ARM64.ActiveCfg = Release|Any CPU
		{7DD40131-00AE-4C1E-802B-7149F32EF965}.Release|ARM64.Build.0 = Release|Any CPU
		{7DD40131-00AE-4C1E-802B-7149F32EF965}.Release|iPhone.ActiveCfg = Release|Any CPU
		{7DD40131-00AE-4C1E-802B-7149F32EF965}.Release|iPhone.Build.0 = Release|Any CPU
		{7DD40131-00AE-4C1E-802B-7149F32EF965}.Release|iPhoneSimulator.ActiveCfg = Release|Any CPU
		{7DD40131-00AE-4C1E-802B-7149F32EF965}.Release|iPhoneSimulator.Build.0 = Release|Any CPU
		{7DD40131-00AE-4C1E-802B-7149F32EF965}.Release|x64.ActiveCfg = Release|Any CPU
		{7DD40131-00AE-4C1E-802B-7149F32EF965}.Release|x64.Build.0 = Release|Any CPU
		{7DD40131-00AE-4C1E-802B-7149F32EF965}.Release|x86.ActiveCfg = Release|Any CPU
		{7DD40131-00AE-4C1E-802B-7149F32EF965}.Release|x86.Build.0 = Release|Any CPU
		{3B456ED1-39DD-4D1F-9D5A-A3693108A80B}.Ad-Hoc|Any CPU.ActiveCfg = Debug|Any CPU
		{3B456ED1-39DD-4D1F-9D5A-A3693108A80B}.Ad-Hoc|Any CPU.Build.0 = Debug|Any CPU
		{3B456ED1-39DD-4D1F-9D5A-A3693108A80B}.Ad-Hoc|ARM.ActiveCfg = Debug|Any CPU
		{3B456ED1-39DD-4D1F-9D5A-A3693108A80B}.Ad-Hoc|ARM.Build.0 = Debug|Any CPU
		{3B456ED1-39DD-4D1F-9D5A-A3693108A80B}.Ad-Hoc|ARM64.ActiveCfg = Debug|Any CPU
		{3B456ED1-39DD-4D1F-9D5A-A3693108A80B}.Ad-Hoc|ARM64.Build.0 = Debug|Any CPU
		{3B456ED1-39DD-4D1F-9D5A-A3693108A80B}.Ad-Hoc|iPhone.ActiveCfg = Debug|Any CPU
		{3B456ED1-39DD-4D1F-9D5A-A3693108A80B}.Ad-Hoc|iPhone.Build.0 = Debug|Any CPU
		{3B456ED1-39DD-4D1F-9D5A-A3693108A80B}.Ad-Hoc|iPhoneSimulator.ActiveCfg = Debug|Any CPU
		{3B456ED1-39DD-4D1F-9D5A-A3693108A80B}.Ad-Hoc|iPhoneSimulator.Build.0 = Debug|Any CPU
		{3B456ED1-39DD-4D1F-9D5A-A3693108A80B}.Ad-Hoc|x64.ActiveCfg = Debug|Any CPU
		{3B456ED1-39DD-4D1F-9D5A-A3693108A80B}.Ad-Hoc|x64.Build.0 = Debug|Any CPU
		{3B456ED1-39DD-4D1F-9D5A-A3693108A80B}.Ad-Hoc|x86.ActiveCfg = Debug|Any CPU
		{3B456ED1-39DD-4D1F-9D5A-A3693108A80B}.Ad-Hoc|x86.Build.0 = Debug|Any CPU
		{3B456ED1-39DD-4D1F-9D5A-A3693108A80B}.AppStore|Any CPU.ActiveCfg = Debug|Any CPU
		{3B456ED1-39DD-4D1F-9D5A-A3693108A80B}.AppStore|Any CPU.Build.0 = Debug|Any CPU
		{3B456ED1-39DD-4D1F-9D5A-A3693108A80B}.AppStore|ARM.ActiveCfg = Debug|Any CPU
		{3B456ED1-39DD-4D1F-9D5A-A3693108A80B}.AppStore|ARM.Build.0 = Debug|Any CPU
		{3B456ED1-39DD-4D1F-9D5A-A3693108A80B}.AppStore|ARM64.ActiveCfg = Debug|Any CPU
		{3B456ED1-39DD-4D1F-9D5A-A3693108A80B}.AppStore|ARM64.Build.0 = Debug|Any CPU
		{3B456ED1-39DD-4D1F-9D5A-A3693108A80B}.AppStore|iPhone.ActiveCfg = Debug|Any CPU
		{3B456ED1-39DD-4D1F-9D5A-A3693108A80B}.AppStore|iPhone.Build.0 = Debug|Any CPU
		{3B456ED1-39DD-4D1F-9D5A-A3693108A80B}.AppStore|iPhoneSimulator.ActiveCfg = Debug|Any CPU
		{3B456ED1-39DD-4D1F-9D5A-A3693108A80B}.AppStore|iPhoneSimulator.Build.0 = Debug|Any CPU
		{3B456ED1-39DD-4D1F-9D5A-A3693108A80B}.AppStore|x64.ActiveCfg = Debug|Any CPU
		{3B456ED1-39DD-4D1F-9D5A-A3693108A80B}.AppStore|x64.Build.0 = Debug|Any CPU
		{3B456ED1-39DD-4D1F-9D5A-A3693108A80B}.AppStore|x86.ActiveCfg = Debug|Any CPU
		{3B456ED1-39DD-4D1F-9D5A-A3693108A80B}.AppStore|x86.Build.0 = Debug|Any CPU
		{3B456ED1-39DD-4D1F-9D5A-A3693108A80B}.Debug|Any CPU.ActiveCfg = Debug|Any CPU
		{3B456ED1-39DD-4D1F-9D5A-A3693108A80B}.Debug|Any CPU.Build.0 = Debug|Any CPU
		{3B456ED1-39DD-4D1F-9D5A-A3693108A80B}.Debug|ARM.ActiveCfg = Debug|Any CPU
		{3B456ED1-39DD-4D1F-9D5A-A3693108A80B}.Debug|ARM.Build.0 = Debug|Any CPU
		{3B456ED1-39DD-4D1F-9D5A-A3693108A80B}.Debug|ARM64.ActiveCfg = Debug|Any CPU
		{3B456ED1-39DD-4D1F-9D5A-A3693108A80B}.Debug|ARM64.Build.0 = Debug|Any CPU
		{3B456ED1-39DD-4D1F-9D5A-A3693108A80B}.Debug|iPhone.ActiveCfg = Debug|Any CPU
		{3B456ED1-39DD-4D1F-9D5A-A3693108A80B}.Debug|iPhone.Build.0 = Debug|Any CPU
		{3B456ED1-39DD-4D1F-9D5A-A3693108A80B}.Debug|iPhoneSimulator.ActiveCfg = Debug|Any CPU
		{3B456ED1-39DD-4D1F-9D5A-A3693108A80B}.Debug|iPhoneSimulator.Build.0 = Debug|Any CPU
		{3B456ED1-39DD-4D1F-9D5A-A3693108A80B}.Debug|x64.ActiveCfg = Debug|Any CPU
		{3B456ED1-39DD-4D1F-9D5A-A3693108A80B}.Debug|x64.Build.0 = Debug|Any CPU
		{3B456ED1-39DD-4D1F-9D5A-A3693108A80B}.Debug|x86.ActiveCfg = Debug|Any CPU
		{3B456ED1-39DD-4D1F-9D5A-A3693108A80B}.Debug|x86.Build.0 = Debug|Any CPU
		{3B456ED1-39DD-4D1F-9D5A-A3693108A80B}.Release|Any CPU.ActiveCfg = Release|Any CPU
		{3B456ED1-39DD-4D1F-9D5A-A3693108A80B}.Release|Any CPU.Build.0 = Release|Any CPU
		{3B456ED1-39DD-4D1F-9D5A-A3693108A80B}.Release|ARM.ActiveCfg = Release|Any CPU
		{3B456ED1-39DD-4D1F-9D5A-A3693108A80B}.Release|ARM.Build.0 = Release|Any CPU
		{3B456ED1-39DD-4D1F-9D5A-A3693108A80B}.Release|ARM64.ActiveCfg = Release|Any CPU
		{3B456ED1-39DD-4D1F-9D5A-A3693108A80B}.Release|ARM64.Build.0 = Release|Any CPU
		{3B456ED1-39DD-4D1F-9D5A-A3693108A80B}.Release|iPhone.ActiveCfg = Release|Any CPU
		{3B456ED1-39DD-4D1F-9D5A-A3693108A80B}.Release|iPhone.Build.0 = Release|Any CPU
		{3B456ED1-39DD-4D1F-9D5A-A3693108A80B}.Release|iPhoneSimulator.ActiveCfg = Release|Any CPU
		{3B456ED1-39DD-4D1F-9D5A-A3693108A80B}.Release|iPhoneSimulator.Build.0 = Release|Any CPU
		{3B456ED1-39DD-4D1F-9D5A-A3693108A80B}.Release|x64.ActiveCfg = Release|Any CPU
		{3B456ED1-39DD-4D1F-9D5A-A3693108A80B}.Release|x64.Build.0 = Release|Any CPU
		{3B456ED1-39DD-4D1F-9D5A-A3693108A80B}.Release|x86.ActiveCfg = Release|Any CPU
		{3B456ED1-39DD-4D1F-9D5A-A3693108A80B}.Release|x86.Build.0 = Release|Any CPU
		{EFAE47A3-8E1A-4710-A566-0D3874E6DFC9}.Ad-Hoc|Any CPU.ActiveCfg = Debug|Any CPU
		{EFAE47A3-8E1A-4710-A566-0D3874E6DFC9}.Ad-Hoc|Any CPU.Build.0 = Debug|Any CPU
		{EFAE47A3-8E1A-4710-A566-0D3874E6DFC9}.Ad-Hoc|ARM.ActiveCfg = Debug|Any CPU
		{EFAE47A3-8E1A-4710-A566-0D3874E6DFC9}.Ad-Hoc|ARM.Build.0 = Debug|Any CPU
		{EFAE47A3-8E1A-4710-A566-0D3874E6DFC9}.Ad-Hoc|ARM64.ActiveCfg = Debug|Any CPU
		{EFAE47A3-8E1A-4710-A566-0D3874E6DFC9}.Ad-Hoc|ARM64.Build.0 = Debug|Any CPU
		{EFAE47A3-8E1A-4710-A566-0D3874E6DFC9}.Ad-Hoc|iPhone.ActiveCfg = Debug|Any CPU
		{EFAE47A3-8E1A-4710-A566-0D3874E6DFC9}.Ad-Hoc|iPhone.Build.0 = Debug|Any CPU
		{EFAE47A3-8E1A-4710-A566-0D3874E6DFC9}.Ad-Hoc|iPhoneSimulator.ActiveCfg = Debug|Any CPU
		{EFAE47A3-8E1A-4710-A566-0D3874E6DFC9}.Ad-Hoc|iPhoneSimulator.Build.0 = Debug|Any CPU
		{EFAE47A3-8E1A-4710-A566-0D3874E6DFC9}.Ad-Hoc|x64.ActiveCfg = Debug|Any CPU
		{EFAE47A3-8E1A-4710-A566-0D3874E6DFC9}.Ad-Hoc|x64.Build.0 = Debug|Any CPU
		{EFAE47A3-8E1A-4710-A566-0D3874E6DFC9}.Ad-Hoc|x86.ActiveCfg = Debug|Any CPU
		{EFAE47A3-8E1A-4710-A566-0D3874E6DFC9}.Ad-Hoc|x86.Build.0 = Debug|Any CPU
		{EFAE47A3-8E1A-4710-A566-0D3874E6DFC9}.AppStore|Any CPU.ActiveCfg = Debug|Any CPU
		{EFAE47A3-8E1A-4710-A566-0D3874E6DFC9}.AppStore|Any CPU.Build.0 = Debug|Any CPU
		{EFAE47A3-8E1A-4710-A566-0D3874E6DFC9}.AppStore|ARM.ActiveCfg = Debug|Any CPU
		{EFAE47A3-8E1A-4710-A566-0D3874E6DFC9}.AppStore|ARM.Build.0 = Debug|Any CPU
		{EFAE47A3-8E1A-4710-A566-0D3874E6DFC9}.AppStore|ARM64.ActiveCfg = Debug|Any CPU
		{EFAE47A3-8E1A-4710-A566-0D3874E6DFC9}.AppStore|ARM64.Build.0 = Debug|Any CPU
		{EFAE47A3-8E1A-4710-A566-0D3874E6DFC9}.AppStore|iPhone.ActiveCfg = Debug|Any CPU
		{EFAE47A3-8E1A-4710-A566-0D3874E6DFC9}.AppStore|iPhone.Build.0 = Debug|Any CPU
		{EFAE47A3-8E1A-4710-A566-0D3874E6DFC9}.AppStore|iPhoneSimulator.ActiveCfg = Debug|Any CPU
		{EFAE47A3-8E1A-4710-A566-0D3874E6DFC9}.AppStore|iPhoneSimulator.Build.0 = Debug|Any CPU
		{EFAE47A3-8E1A-4710-A566-0D3874E6DFC9}.AppStore|x64.ActiveCfg = Debug|Any CPU
		{EFAE47A3-8E1A-4710-A566-0D3874E6DFC9}.AppStore|x64.Build.0 = Debug|Any CPU
		{EFAE47A3-8E1A-4710-A566-0D3874E6DFC9}.AppStore|x86.ActiveCfg = Debug|Any CPU
		{EFAE47A3-8E1A-4710-A566-0D3874E6DFC9}.AppStore|x86.Build.0 = Debug|Any CPU
		{EFAE47A3-8E1A-4710-A566-0D3874E6DFC9}.Debug|Any CPU.ActiveCfg = Debug|Any CPU
		{EFAE47A3-8E1A-4710-A566-0D3874E6DFC9}.Debug|Any CPU.Build.0 = Debug|Any CPU
		{EFAE47A3-8E1A-4710-A566-0D3874E6DFC9}.Debug|ARM.ActiveCfg = Debug|Any CPU
		{EFAE47A3-8E1A-4710-A566-0D3874E6DFC9}.Debug|ARM.Build.0 = Debug|Any CPU
		{EFAE47A3-8E1A-4710-A566-0D3874E6DFC9}.Debug|ARM64.ActiveCfg = Debug|Any CPU
		{EFAE47A3-8E1A-4710-A566-0D3874E6DFC9}.Debug|ARM64.Build.0 = Debug|Any CPU
		{EFAE47A3-8E1A-4710-A566-0D3874E6DFC9}.Debug|iPhone.ActiveCfg = Debug|Any CPU
		{EFAE47A3-8E1A-4710-A566-0D3874E6DFC9}.Debug|iPhone.Build.0 = Debug|Any CPU
		{EFAE47A3-8E1A-4710-A566-0D3874E6DFC9}.Debug|iPhoneSimulator.ActiveCfg = Debug|Any CPU
		{EFAE47A3-8E1A-4710-A566-0D3874E6DFC9}.Debug|iPhoneSimulator.Build.0 = Debug|Any CPU
		{EFAE47A3-8E1A-4710-A566-0D3874E6DFC9}.Debug|x64.ActiveCfg = Debug|Any CPU
		{EFAE47A3-8E1A-4710-A566-0D3874E6DFC9}.Debug|x64.Build.0 = Debug|Any CPU
		{EFAE47A3-8E1A-4710-A566-0D3874E6DFC9}.Debug|x86.ActiveCfg = Debug|Any CPU
		{EFAE47A3-8E1A-4710-A566-0D3874E6DFC9}.Debug|x86.Build.0 = Debug|Any CPU
		{EFAE47A3-8E1A-4710-A566-0D3874E6DFC9}.Release|Any CPU.ActiveCfg = Release|Any CPU
		{EFAE47A3-8E1A-4710-A566-0D3874E6DFC9}.Release|Any CPU.Build.0 = Release|Any CPU
		{EFAE47A3-8E1A-4710-A566-0D3874E6DFC9}.Release|ARM.ActiveCfg = Release|Any CPU
		{EFAE47A3-8E1A-4710-A566-0D3874E6DFC9}.Release|ARM.Build.0 = Release|Any CPU
		{EFAE47A3-8E1A-4710-A566-0D3874E6DFC9}.Release|ARM64.ActiveCfg = Release|Any CPU
		{EFAE47A3-8E1A-4710-A566-0D3874E6DFC9}.Release|ARM64.Build.0 = Release|Any CPU
		{EFAE47A3-8E1A-4710-A566-0D3874E6DFC9}.Release|iPhone.ActiveCfg = Release|Any CPU
		{EFAE47A3-8E1A-4710-A566-0D3874E6DFC9}.Release|iPhone.Build.0 = Release|Any CPU
		{EFAE47A3-8E1A-4710-A566-0D3874E6DFC9}.Release|iPhoneSimulator.ActiveCfg = Release|Any CPU
		{EFAE47A3-8E1A-4710-A566-0D3874E6DFC9}.Release|iPhoneSimulator.Build.0 = Release|Any CPU
		{EFAE47A3-8E1A-4710-A566-0D3874E6DFC9}.Release|x64.ActiveCfg = Release|Any CPU
		{EFAE47A3-8E1A-4710-A566-0D3874E6DFC9}.Release|x64.Build.0 = Release|Any CPU
		{EFAE47A3-8E1A-4710-A566-0D3874E6DFC9}.Release|x86.ActiveCfg = Release|Any CPU
		{EFAE47A3-8E1A-4710-A566-0D3874E6DFC9}.Release|x86.Build.0 = Release|Any CPU
		{4B4B5CD3-D5DD-4656-A1DC-43312E014D8C}.Ad-Hoc|Any CPU.ActiveCfg = Debug|Any CPU
		{4B4B5CD3-D5DD-4656-A1DC-43312E014D8C}.Ad-Hoc|Any CPU.Build.0 = Debug|Any CPU
		{4B4B5CD3-D5DD-4656-A1DC-43312E014D8C}.Ad-Hoc|ARM.ActiveCfg = Debug|Any CPU
		{4B4B5CD3-D5DD-4656-A1DC-43312E014D8C}.Ad-Hoc|ARM.Build.0 = Debug|Any CPU
		{4B4B5CD3-D5DD-4656-A1DC-43312E014D8C}.Ad-Hoc|ARM64.ActiveCfg = Debug|Any CPU
		{4B4B5CD3-D5DD-4656-A1DC-43312E014D8C}.Ad-Hoc|ARM64.Build.0 = Debug|Any CPU
		{4B4B5CD3-D5DD-4656-A1DC-43312E014D8C}.Ad-Hoc|iPhone.ActiveCfg = Debug|Any CPU
		{4B4B5CD3-D5DD-4656-A1DC-43312E014D8C}.Ad-Hoc|iPhone.Build.0 = Debug|Any CPU
		{4B4B5CD3-D5DD-4656-A1DC-43312E014D8C}.Ad-Hoc|iPhoneSimulator.ActiveCfg = Debug|Any CPU
		{4B4B5CD3-D5DD-4656-A1DC-43312E014D8C}.Ad-Hoc|iPhoneSimulator.Build.0 = Debug|Any CPU
		{4B4B5CD3-D5DD-4656-A1DC-43312E014D8C}.Ad-Hoc|x64.ActiveCfg = Debug|Any CPU
		{4B4B5CD3-D5DD-4656-A1DC-43312E014D8C}.Ad-Hoc|x64.Build.0 = Debug|Any CPU
		{4B4B5CD3-D5DD-4656-A1DC-43312E014D8C}.Ad-Hoc|x86.ActiveCfg = Debug|Any CPU
		{4B4B5CD3-D5DD-4656-A1DC-43312E014D8C}.Ad-Hoc|x86.Build.0 = Debug|Any CPU
		{4B4B5CD3-D5DD-4656-A1DC-43312E014D8C}.AppStore|Any CPU.ActiveCfg = Debug|Any CPU
		{4B4B5CD3-D5DD-4656-A1DC-43312E014D8C}.AppStore|Any CPU.Build.0 = Debug|Any CPU
		{4B4B5CD3-D5DD-4656-A1DC-43312E014D8C}.AppStore|ARM.ActiveCfg = Debug|Any CPU
		{4B4B5CD3-D5DD-4656-A1DC-43312E014D8C}.AppStore|ARM.Build.0 = Debug|Any CPU
		{4B4B5CD3-D5DD-4656-A1DC-43312E014D8C}.AppStore|ARM64.ActiveCfg = Debug|Any CPU
		{4B4B5CD3-D5DD-4656-A1DC-43312E014D8C}.AppStore|ARM64.Build.0 = Debug|Any CPU
		{4B4B5CD3-D5DD-4656-A1DC-43312E014D8C}.AppStore|iPhone.ActiveCfg = Debug|Any CPU
		{4B4B5CD3-D5DD-4656-A1DC-43312E014D8C}.AppStore|iPhone.Build.0 = Debug|Any CPU
		{4B4B5CD3-D5DD-4656-A1DC-43312E014D8C}.AppStore|iPhoneSimulator.ActiveCfg = Debug|Any CPU
		{4B4B5CD3-D5DD-4656-A1DC-43312E014D8C}.AppStore|iPhoneSimulator.Build.0 = Debug|Any CPU
		{4B4B5CD3-D5DD-4656-A1DC-43312E014D8C}.AppStore|x64.ActiveCfg = Debug|Any CPU
		{4B4B5CD3-D5DD-4656-A1DC-43312E014D8C}.AppStore|x64.Build.0 = Debug|Any CPU
		{4B4B5CD3-D5DD-4656-A1DC-43312E014D8C}.AppStore|x86.ActiveCfg = Debug|Any CPU
		{4B4B5CD3-D5DD-4656-A1DC-43312E014D8C}.AppStore|x86.Build.0 = Debug|Any CPU
		{4B4B5CD3-D5DD-4656-A1DC-43312E014D8C}.Debug|Any CPU.ActiveCfg = Debug|Any CPU
		{4B4B5CD3-D5DD-4656-A1DC-43312E014D8C}.Debug|Any CPU.Build.0 = Debug|Any CPU
		{4B4B5CD3-D5DD-4656-A1DC-43312E014D8C}.Debug|ARM.ActiveCfg = Debug|Any CPU
		{4B4B5CD3-D5DD-4656-A1DC-43312E014D8C}.Debug|ARM.Build.0 = Debug|Any CPU
		{4B4B5CD3-D5DD-4656-A1DC-43312E014D8C}.Debug|ARM64.ActiveCfg = Debug|Any CPU
		{4B4B5CD3-D5DD-4656-A1DC-43312E014D8C}.Debug|ARM64.Build.0 = Debug|Any CPU
		{4B4B5CD3-D5DD-4656-A1DC-43312E014D8C}.Debug|iPhone.ActiveCfg = Debug|Any CPU
		{4B4B5CD3-D5DD-4656-A1DC-43312E014D8C}.Debug|iPhone.Build.0 = Debug|Any CPU
		{4B4B5CD3-D5DD-4656-A1DC-43312E014D8C}.Debug|iPhoneSimulator.ActiveCfg = Debug|Any CPU
		{4B4B5CD3-D5DD-4656-A1DC-43312E014D8C}.Debug|iPhoneSimulator.Build.0 = Debug|Any CPU
		{4B4B5CD3-D5DD-4656-A1DC-43312E014D8C}.Debug|x64.ActiveCfg = Debug|Any CPU
		{4B4B5CD3-D5DD-4656-A1DC-43312E014D8C}.Debug|x64.Build.0 = Debug|Any CPU
		{4B4B5CD3-D5DD-4656-A1DC-43312E014D8C}.Debug|x86.ActiveCfg = Debug|Any CPU
		{4B4B5CD3-D5DD-4656-A1DC-43312E014D8C}.Debug|x86.Build.0 = Debug|Any CPU
		{4B4B5CD3-D5DD-4656-A1DC-43312E014D8C}.Release|Any CPU.ActiveCfg = Release|Any CPU
		{4B4B5CD3-D5DD-4656-A1DC-43312E014D8C}.Release|Any CPU.Build.0 = Release|Any CPU
		{4B4B5CD3-D5DD-4656-A1DC-43312E014D8C}.Release|ARM.ActiveCfg = Release|Any CPU
		{4B4B5CD3-D5DD-4656-A1DC-43312E014D8C}.Release|ARM.Build.0 = Release|Any CPU
		{4B4B5CD3-D5DD-4656-A1DC-43312E014D8C}.Release|ARM64.ActiveCfg = Release|Any CPU
		{4B4B5CD3-D5DD-4656-A1DC-43312E014D8C}.Release|ARM64.Build.0 = Release|Any CPU
		{4B4B5CD3-D5DD-4656-A1DC-43312E014D8C}.Release|iPhone.ActiveCfg = Release|Any CPU
		{4B4B5CD3-D5DD-4656-A1DC-43312E014D8C}.Release|iPhone.Build.0 = Release|Any CPU
		{4B4B5CD3-D5DD-4656-A1DC-43312E014D8C}.Release|iPhoneSimulator.ActiveCfg = Release|Any CPU
		{4B4B5CD3-D5DD-4656-A1DC-43312E014D8C}.Release|iPhoneSimulator.Build.0 = Release|Any CPU
		{4B4B5CD3-D5DD-4656-A1DC-43312E014D8C}.Release|x64.ActiveCfg = Release|Any CPU
		{4B4B5CD3-D5DD-4656-A1DC-43312E014D8C}.Release|x64.Build.0 = Release|Any CPU
		{4B4B5CD3-D5DD-4656-A1DC-43312E014D8C}.Release|x86.ActiveCfg = Release|Any CPU
		{4B4B5CD3-D5DD-4656-A1DC-43312E014D8C}.Release|x86.Build.0 = Release|Any CPU
		{738B4E85-1B3B-47F7-9CDD-BB0984F6DA91}.Ad-Hoc|Any CPU.ActiveCfg = Debug|Any CPU
		{738B4E85-1B3B-47F7-9CDD-BB0984F6DA91}.Ad-Hoc|Any CPU.Build.0 = Debug|Any CPU
		{738B4E85-1B3B-47F7-9CDD-BB0984F6DA91}.Ad-Hoc|ARM.ActiveCfg = Debug|Any CPU
		{738B4E85-1B3B-47F7-9CDD-BB0984F6DA91}.Ad-Hoc|ARM.Build.0 = Debug|Any CPU
		{738B4E85-1B3B-47F7-9CDD-BB0984F6DA91}.Ad-Hoc|ARM64.ActiveCfg = Debug|Any CPU
		{738B4E85-1B3B-47F7-9CDD-BB0984F6DA91}.Ad-Hoc|ARM64.Build.0 = Debug|Any CPU
		{738B4E85-1B3B-47F7-9CDD-BB0984F6DA91}.Ad-Hoc|iPhone.ActiveCfg = Debug|Any CPU
		{738B4E85-1B3B-47F7-9CDD-BB0984F6DA91}.Ad-Hoc|iPhone.Build.0 = Debug|Any CPU
		{738B4E85-1B3B-47F7-9CDD-BB0984F6DA91}.Ad-Hoc|iPhoneSimulator.ActiveCfg = Debug|Any CPU
		{738B4E85-1B3B-47F7-9CDD-BB0984F6DA91}.Ad-Hoc|iPhoneSimulator.Build.0 = Debug|Any CPU
		{738B4E85-1B3B-47F7-9CDD-BB0984F6DA91}.Ad-Hoc|x64.ActiveCfg = Debug|Any CPU
		{738B4E85-1B3B-47F7-9CDD-BB0984F6DA91}.Ad-Hoc|x64.Build.0 = Debug|Any CPU
		{738B4E85-1B3B-47F7-9CDD-BB0984F6DA91}.Ad-Hoc|x86.ActiveCfg = Debug|Any CPU
		{738B4E85-1B3B-47F7-9CDD-BB0984F6DA91}.Ad-Hoc|x86.Build.0 = Debug|Any CPU
		{738B4E85-1B3B-47F7-9CDD-BB0984F6DA91}.AppStore|Any CPU.ActiveCfg = Debug|Any CPU
		{738B4E85-1B3B-47F7-9CDD-BB0984F6DA91}.AppStore|Any CPU.Build.0 = Debug|Any CPU
		{738B4E85-1B3B-47F7-9CDD-BB0984F6DA91}.AppStore|ARM.ActiveCfg = Debug|Any CPU
		{738B4E85-1B3B-47F7-9CDD-BB0984F6DA91}.AppStore|ARM.Build.0 = Debug|Any CPU
		{738B4E85-1B3B-47F7-9CDD-BB0984F6DA91}.AppStore|ARM64.ActiveCfg = Debug|Any CPU
		{738B4E85-1B3B-47F7-9CDD-BB0984F6DA91}.AppStore|ARM64.Build.0 = Debug|Any CPU
		{738B4E85-1B3B-47F7-9CDD-BB0984F6DA91}.AppStore|iPhone.ActiveCfg = Debug|Any CPU
		{738B4E85-1B3B-47F7-9CDD-BB0984F6DA91}.AppStore|iPhone.Build.0 = Debug|Any CPU
		{738B4E85-1B3B-47F7-9CDD-BB0984F6DA91}.AppStore|iPhoneSimulator.ActiveCfg = Debug|Any CPU
		{738B4E85-1B3B-47F7-9CDD-BB0984F6DA91}.AppStore|iPhoneSimulator.Build.0 = Debug|Any CPU
		{738B4E85-1B3B-47F7-9CDD-BB0984F6DA91}.AppStore|x64.ActiveCfg = Debug|Any CPU
		{738B4E85-1B3B-47F7-9CDD-BB0984F6DA91}.AppStore|x64.Build.0 = Debug|Any CPU
		{738B4E85-1B3B-47F7-9CDD-BB0984F6DA91}.AppStore|x86.ActiveCfg = Debug|Any CPU
		{738B4E85-1B3B-47F7-9CDD-BB0984F6DA91}.AppStore|x86.Build.0 = Debug|Any CPU
		{738B4E85-1B3B-47F7-9CDD-BB0984F6DA91}.Debug|Any CPU.ActiveCfg = Debug|Any CPU
		{738B4E85-1B3B-47F7-9CDD-BB0984F6DA91}.Debug|Any CPU.Build.0 = Debug|Any CPU
		{738B4E85-1B3B-47F7-9CDD-BB0984F6DA91}.Debug|ARM.ActiveCfg = Debug|Any CPU
		{738B4E85-1B3B-47F7-9CDD-BB0984F6DA91}.Debug|ARM.Build.0 = Debug|Any CPU
		{738B4E85-1B3B-47F7-9CDD-BB0984F6DA91}.Debug|ARM64.ActiveCfg = Debug|Any CPU
		{738B4E85-1B3B-47F7-9CDD-BB0984F6DA91}.Debug|ARM64.Build.0 = Debug|Any CPU
		{738B4E85-1B3B-47F7-9CDD-BB0984F6DA91}.Debug|iPhone.ActiveCfg = Debug|Any CPU
		{738B4E85-1B3B-47F7-9CDD-BB0984F6DA91}.Debug|iPhone.Build.0 = Debug|Any CPU
		{738B4E85-1B3B-47F7-9CDD-BB0984F6DA91}.Debug|iPhoneSimulator.ActiveCfg = Debug|Any CPU
		{738B4E85-1B3B-47F7-9CDD-BB0984F6DA91}.Debug|iPhoneSimulator.Build.0 = Debug|Any CPU
		{738B4E85-1B3B-47F7-9CDD-BB0984F6DA91}.Debug|x64.ActiveCfg = Debug|Any CPU
		{738B4E85-1B3B-47F7-9CDD-BB0984F6DA91}.Debug|x64.Build.0 = Debug|Any CPU
		{738B4E85-1B3B-47F7-9CDD-BB0984F6DA91}.Debug|x86.ActiveCfg = Debug|Any CPU
		{738B4E85-1B3B-47F7-9CDD-BB0984F6DA91}.Debug|x86.Build.0 = Debug|Any CPU
		{738B4E85-1B3B-47F7-9CDD-BB0984F6DA91}.Release|Any CPU.ActiveCfg = Release|Any CPU
		{738B4E85-1B3B-47F7-9CDD-BB0984F6DA91}.Release|Any CPU.Build.0 = Release|Any CPU
		{738B4E85-1B3B-47F7-9CDD-BB0984F6DA91}.Release|ARM.ActiveCfg = Release|Any CPU
		{738B4E85-1B3B-47F7-9CDD-BB0984F6DA91}.Release|ARM.Build.0 = Release|Any CPU
		{738B4E85-1B3B-47F7-9CDD-BB0984F6DA91}.Release|ARM64.ActiveCfg = Release|Any CPU
		{738B4E85-1B3B-47F7-9CDD-BB0984F6DA91}.Release|ARM64.Build.0 = Release|Any CPU
		{738B4E85-1B3B-47F7-9CDD-BB0984F6DA91}.Release|iPhone.ActiveCfg = Release|Any CPU
		{738B4E85-1B3B-47F7-9CDD-BB0984F6DA91}.Release|iPhone.Build.0 = Release|Any CPU
		{738B4E85-1B3B-47F7-9CDD-BB0984F6DA91}.Release|iPhoneSimulator.ActiveCfg = Release|Any CPU
		{738B4E85-1B3B-47F7-9CDD-BB0984F6DA91}.Release|iPhoneSimulator.Build.0 = Release|Any CPU
		{738B4E85-1B3B-47F7-9CDD-BB0984F6DA91}.Release|x64.ActiveCfg = Release|Any CPU
		{738B4E85-1B3B-47F7-9CDD-BB0984F6DA91}.Release|x64.Build.0 = Release|Any CPU
		{738B4E85-1B3B-47F7-9CDD-BB0984F6DA91}.Release|x86.ActiveCfg = Release|Any CPU
		{738B4E85-1B3B-47F7-9CDD-BB0984F6DA91}.Release|x86.Build.0 = Release|Any CPU
	EndGlobalSection
	GlobalSection(SolutionProperties) = preSolution
		HideSolutionNode = FALSE
	EndGlobalSection
	GlobalSection(NestedProjects) = preSolution
		{B60FE6DE-0A1A-4B2E-A8D7-29ABF022167D} = {B0E39454-5F03-49BD-9615-8A3E8DA57DCA}
		{5CFCEBF8-AD68-4E14-A082-96FFF3EEF4BD} = {B0E39454-5F03-49BD-9615-8A3E8DA57DCA}
		{C0A38985-2458-4925-95A5-30F2C63830F4} = {B0E39454-5F03-49BD-9615-8A3E8DA57DCA}
		{0B35F6E8-5EE3-4A5D-A56F-33B5E532360E} = {B0E39454-5F03-49BD-9615-8A3E8DA57DCA}
		{A5993035-25BC-4020-9960-A7C40DF1E4BE} = {B0E39454-5F03-49BD-9615-8A3E8DA57DCA}
		{7DD40131-00AE-4C1E-802B-7149F32EF965} = {B0E39454-5F03-49BD-9615-8A3E8DA57DCA}
		{3B456ED1-39DD-4D1F-9D5A-A3693108A80B} = {B0E39454-5F03-49BD-9615-8A3E8DA57DCA}
		{EFAE47A3-8E1A-4710-A566-0D3874E6DFC9} = {B0E39454-5F03-49BD-9615-8A3E8DA57DCA}
		{4B4B5CD3-D5DD-4656-A1DC-43312E014D8C} = {B0E39454-5F03-49BD-9615-8A3E8DA57DCA}
	EndGlobalSection
	GlobalSection(ExtensibilityGlobals) = postSolution
		SolutionGuid = {33CE748F-38D0-4FC3-A325-4CAE48629D31}
	EndGlobalSection
EndGlobal
